
Microsoft Visual Studio Solution File, Format Version 12.00
# Visual Studio 15
VisualStudioVersion = 15.0.28307.136
MinimumVisualStudioVersion = 10.0.40219.1
Project("{FAE04EC0-301F-11D3-BF4B-00C04F79EFBC}") = "Q3Starter", "Q3Starter\Q3Starter.csproj", "{E29A0ABB-CF4D-4385-8654-EF4603CB4472}"
EndProject
Project("{FAE04EC0-301F-11D3-BF4B-00C04F79EFBC}") = "Q3Starter.Console", "Q3Starter.Console\Q3Starter.Console.csproj", "{D6CA76BB-CD4C-44B6-905A-2360811DB590}"
EndProject
Project("{FAE04EC0-301F-11D3-BF4B-00C04F79EFBC}") = "Tests", "Tests\Tests.csproj", "{40B31B1F-971D-4E76-A6E1-17ECF3A4A73E}"
EndProject
Global
	GlobalSection(SolutionConfigurationPlatforms) = preSolution
		Debug|Any CPU = Debug|Any CPU
		Release|Any CPU = Release|Any CPU
	EndGlobalSection
	GlobalSection(ProjectConfigurationPlatforms) = postSolution
		{E29A0ABB-CF4D-4385-8654-EF4603CB4472}.Debug|Any CPU.ActiveCfg = Debug|Any CPU
		{E29A0ABB-CF4D-4385-8654-EF4603CB4472}.Debug|Any CPU.Build.0 = Debug|Any CPU
		{E29A0ABB-CF4D-4385-8654-EF4603CB4472}.Release|Any CPU.ActiveCfg = Release|Any CPU
		{E29A0ABB-CF4D-4385-8654-EF4603CB4472}.Release|Any CPU.Build.0 = Release|Any CPU
		{D6CA76BB-CD4C-44B6-905A-2360811DB590}.Debug|Any CPU.ActiveCfg = Debug|Any CPU
		{D6CA76BB-CD4C-44B6-905A-2360811DB590}.Debug|Any CPU.Build.0 = Debug|Any CPU
		{D6CA76BB-CD4C-44B6-905A-2360811DB590}.Release|Any CPU.ActiveCfg = Release|Any CPU
		{D6CA76BB-CD4C-44B6-905A-2360811DB590}.Release|Any CPU.Build.0 = Release|Any CPU
		{40B31B1F-971D-4E76-A6E1-17ECF3A4A73E}.Debug|Any CPU.ActiveCfg = Debug|Any CPU
		{40B31B1F-971D-4E76-A6E1-17ECF3A4A73E}.Debug|Any CPU.Build.0 = Debug|Any CPU
		{40B31B1F-971D-4E76-A6E1-17ECF3A4A73E}.Release|Any CPU.ActiveCfg = Release|Any CPU
		{40B31B1F-971D-4E76-A6E1-17ECF3A4A73E}.Release|Any CPU.Build.0 = Release|Any CPU
	EndGlobalSection
	GlobalSection(SolutionProperties) = preSolution
		HideSolutionNode = FALSE
	EndGlobalSection
	GlobalSection(ExtensibilityGlobals) = postSolution
		SolutionGuid = {0E602638-56FF-4CD3-BC2E-B2B4D116877D}
	EndGlobalSection
EndGlobal
